{
  "name": "nodejs-local-ipc",
  "version": "1.0.5",
  "lockfileVersion": 1,
  "requires": true,
  "dependencies": {
    "tiny-application-layer-protocol": {
      "version": "1.0.0",
      "resolved": "https://registry.npmjs.org/tiny-application-layer-protocol/-/tiny-application-layer-protocol-1.0.0.tgz",
      "integrity": "sha512-zYax/809PKVEYK7PgVreDJ69Uo6XVyiVnaqSd6QIbt/hUET4mhPVSx26R8ZRydexP6lPvUYL1N+mK5FxvVgHBg=="
    }
  }
}
